// !$*UTF8*$!
{
	archiveVersion = 1;
	classes = {
	};
	objectVersion = 56;
	objects = {

/* Begin PBXBuildFile section */
		A1AA81D52F3FBB100083171B /* OpenGalleryApp.swift in Sources */ = {isa = PBXBuildFile; fileRef = A1AA81D42F3FBB100083171B /* OpenGalleryApp.swift */; };
		A1AA81D92F3FBDF10083171B /* PresentationView.swift in Sources */ = {isa = PBXBuildFile; fileRef = A1AA81D82F3FBDF10083171B /* PresentationView.swift */; };
		A1AA81DB2F3FBFFF0083171B /* Artwork.swift in Sources */ = {isa = PBXBuildFile; fileRef = A1AA81DA2F3FBFFF0083171B /* Artwork.swift */; };
		A1AA81DF2F465A670083171B /* ArtworkCardView.swift in Sources */ = {isa = PBXBuildFile; fileRef = A1AA81DE2F465A670083171B /* ArtworkCardView.swift */; };
		A1AA81E32F4660E30083171B /* ArtworkDetailView.swift in Sources */ = {isa = PBXBuildFile; fileRef = A1AA81E22F4660E30083171B /* ArtworkDetailView.swift */; };
		A1AA81E62F4D41720083171B /* FavoriteButton.swift in Sources */ = {isa = PBXBuildFile; fileRef = A1AA81E52F4D41720083171B /* FavoriteButton.swift */; };
		A1AA81EA2F4D437B0083171B /* FavoriteArtwork.swift in Sources */ = {isa = PBXBuildFile; fileRef = A1AA81E92F4D437B0083171B /* FavoriteArtwork.swift */; };
		A1AA81EE2F4E0C850083171B /* FavoriteView.swift in Sources */ = {isa = PBXBuildFile; fileRef = A1AA81ED2F4E0C850083171B /* FavoriteView.swift */; };
		A1AA81F02F4E0C910083171B /* FavoriteRow.swift in Sources */ = {isa = PBXBuildFile; fileRef = A1AA81EF2F4E0C910083171B /* FavoriteRow.swift */; };
		A1AA82122F508F570083171B /* WidgetKit.framework in Frameworks */ = {isa = PBXBuildFile; fileRef = A1AA82112F508F570083171B /* WidgetKit.framework */; };
		A1AA82142F508F570083171B /* SwiftUI.framework in Frameworks */ = {isa = PBXBuildFile; fileRef = A1AA82132F508F570083171B /* SwiftUI.framework */; };
		A1AA82172F508F570083171B /* Open_Gallery_WidgetBundle.swift in Sources */ = {isa = PBXBuildFile; fileRef = A1AA82162F508F570083171B /* Open_Gallery_WidgetBundle.swift */; };
		A1AA82192F508F570083171B /* Open_Gallery_Widget.swift in Sources */ = {isa = PBXBuildFile; fileRef = A1AA82182F508F570083171B /* Open_Gallery_Widget.swift */; };
		A1AA821B2F508F590083171B /* Assets.xcassets in Resources */ = {isa = PBXBuildFile; fileRef = A1AA821A2F508F590083171B /* Assets.xcassets */; };
		A1AA821F2F508F590083171B /* Open Gallery WidgetExtension.appex in Embed Foundation Extensions */ = {isa = PBXBuildFile; fileRef = A1AA820F2F508F570083171B /* Open Gallery WidgetExtension.appex */; settings = {ATTRIBUTES = (RemoveHeadersOnCopy, ); }; };
/* End PBXBuildFile section */

/* Begin PBXContainerItemProxy section */
		A1AA821D2F508F590083171B /* PBXContainerItemProxy */ = {
			isa = PBXContainerItemProxy;
			containerPortal = A1AA81B42F3FB4A90083171B /* Project object */;
			proxyType = 1;
			remoteGlobalIDString = A1AA820E2F508F570083171B;
			remoteInfo = "Open Gallery WidgetExtension";
		};
/* End PBXContainerItemProxy section */

/* Begin PBXCopyFilesBuildPhase section */
		A1AA82062F508BA70083171B /* Embed Foundation Extensions */ = {
			isa = PBXCopyFilesBuildPhase;
			buildActionMask = 2147483647;
			dstPath = "";
			dstSubfolderSpec = 13;
			files = (
				A1AA821F2F508F590083171B /* Open Gallery WidgetExtension.appex in Embed Foundation Extensions */,
			);
			name = "Embed Foundation Extensions";
			runOnlyForDeploymentPostprocessing = 0;
		};
/* End PBXCopyFilesBuildPhase section */

/* Begin PBXFileReference section */
		A1AA81BC2F3FB4A90083171B /* OpenGallery.app */ = {isa = PBXFileReference; explicitFileType = wrapper.application; includeInIndex = 0; path = OpenGallery.app; sourceTree = BUILT_PRODUCTS_DIR; };
		A1AA81D42F3FBB100083171B /* OpenGalleryApp.swift */ = {isa = PBXFileReference; lastKnownFileType = sourcecode.swift; path = OpenGalleryApp.swift; sourceTree = "<group>"; };
		A1AA81D82F3FBDF10083171B /* PresentationView.swift */ = {isa = PBXFileReference; lastKnownFileType = sourcecode.swift; path = PresentationView.swift; sourceTree = "<group>"; };
		A1AA81DA2F3FBFFF0083171B /* Artwork.swift */ = {isa = PBXFileReference; lastKnownFileType = sourcecode.swift; path = Artwork.swift; sourceTree = "<group>"; };
		A1AA81DE2F465A670083171B /* ArtworkCardView.swift */ = {isa = PBXFileReference; lastKnownFileType = sourcecode.swift; path = ArtworkCardView.swift; sourceTree = "<group>"; };
		A1AA81E22F4660E30083171B /* ArtworkDetailView.swift */ = {isa = PBXFileReference; lastKnownFileType = sourcecode.swift; path = ArtworkDetailView.swift; sourceTree = "<group>"; };
		A1AA81E52F4D41720083171B /* FavoriteButton.swift */ = {isa = PBXFileReference; lastKnownFileType = sourcecode.swift; path = FavoriteButton.swift; sourceTree = "<group>"; };
		A1AA81E92F4D437B0083171B /* FavoriteArtwork.swift */ = {isa = PBXFileReference; lastKnownFileType = sourcecode.swift; path = FavoriteArtwork.swift; sourceTree = "<group>"; };
		A1AA81ED2F4E0C850083171B /* FavoriteView.swift */ = {isa = PBXFileReference; lastKnownFileType = sourcecode.swift; path = FavoriteView.swift; sourceTree = "<group>"; };
		A1AA81EF2F4E0C910083171B /* FavoriteRow.swift */ = {isa = PBXFileReference; lastKnownFileType = sourcecode.swift; path = FavoriteRow.swift; sourceTree = "<group>"; };
		A1AA820F2F508F570083171B /* Open Gallery WidgetExtension.appex */ = {isa = PBXFileReference; explicitFileType = "wrapper.app-extension"; includeInIndex = 0; path = "Open Gallery WidgetExtension.appex"; sourceTree = BUILT_PRODUCTS_DIR; };
		A1AA82112F508F570083171B /* WidgetKit.framework */ = {isa = PBXFileReference; lastKnownFileType = wrapper.framework; name = WidgetKit.framework; path = System/Library/Frameworks/WidgetKit.framework; sourceTree = SDKROOT; };
		A1AA82132F508F570083171B /* SwiftUI.framework */ = {isa = PBXFileReference; lastKnownFileType = wrapper.framework; name = SwiftUI.framework; path = System/Library/Frameworks/SwiftUI.framework; sourceTree = SDKROOT; };
		A1AA82162F508F570083171B /* Open_Gallery_WidgetBundle.swift */ = {isa = PBXFileReference; lastKnownFileType = sourcecode.swift; path = Open_Gallery_WidgetBundle.swift; sourceTree = "<group>"; };
		A1AA82182F508F570083171B /* Open_Gallery_Widget.swift */ = {isa = PBXFileReference; lastKnownFileType = sourcecode.swift; path = Open_Gallery_Widget.swift; sourceTree = "<group>"; };
		A1AA821A2F508F590083171B /* Assets.xcassets */ = {isa = PBXFileReference; lastKnownFileType = folder.assetcatalog; path = Assets.xcassets; sourceTree = "<group>"; };
		A1AA821C2F508F590083171B /* Info.plist */ = {isa = PBXFileReference; lastKnownFileType = text.plist.xml; path = Info.plist; sourceTree = "<group>"; };
/* End PBXFileReference section */

/* Begin PBXFrameworksBuildPhase section */
		A1AA81B92F3FB4A90083171B /* Frameworks */ = {
			isa = PBXFrameworksBuildPhase;
			buildActionMask = 2147483647;
			files = (
			);
			runOnlyForDeploymentPostprocessing = 0;
		};
		A1AA820C2F508F570083171B /* Frameworks */ = {
			isa = PBXFrameworksBuildPhase;
			buildActionMask = 2147483647;
			files = (
				A1AA82142F508F570083171B /* SwiftUI.framework in Frameworks */,
				A1AA82122F508F570083171B /* WidgetKit.framework in Frameworks */,
			);
			runOnlyForDeploymentPostprocessing = 0;
		};
/* End PBXFrameworksBuildPhase section */

/* Begin PBXGroup section */
		A1AA81B32F3FB4A90083171B = {
			isa = PBXGroup;
			children = (
				A1AA81BE2F3FB4A90083171B /* OpenGallery */,
				A1AA82102F508F570083171B /* Frameworks */,
				A1AA81BD2F3FB4A90083171B /* Products */,
			);
			sourceTree = "<group>";
		};
		A1AA81BD2F3FB4A90083171B /* Products */ = {
			isa = PBXGroup;
			children = (
				A1AA81BC2F3FB4A90083171B /* OpenGallery.app */,
				A1AA820F2F508F570083171B /* Open Gallery WidgetExtension.appex */,
			);
			name = Products;
			sourceTree = "<group>";
		};
		A1AA81BE2F3FB4A90083171B /* OpenGallery */ = {
			isa = PBXGroup;
			children = (
				A1AA820A2F508CAA0083171B /* Widgets */,
				A1AA81E42F4D415F0083171B /* Buttons */,
				A1AA81D22F3FB9FE0083171B /* Persistance */,
				A1AA81D12F3FB9F50083171B /* Services */,
				A1AA81CF2F3FB9E10083171B /* Views */,
				A1AA81CE2F3FB9D80083171B /* Models */,
				A1AA81CD2F3FB9C60083171B /* App */,
			);
			path = OpenGallery;
			sourceTree = "<group>";
		};
		A1AA81CD2F3FB9C60083171B /* App */ = {
			isa = PBXGroup;
			children = (
				A1AA81D42F3FBB100083171B /* OpenGalleryApp.swift */,
			);
			path = App;
			sourceTree = "<group>";
		};
		A1AA81CE2F3FB9D80083171B /* Models */ = {
			isa = PBXGroup;
			children = (
				A1AA81DA2F3FBFFF0083171B /* Artwork.swift */,
				A1AA81E92F4D437B0083171B /* FavoriteArtwork.swift */,
			);
			path = Models;
			sourceTree = "<group>";
		};
		A1AA81CF2F3FB9E10083171B /* Views */ = {
			isa = PBXGroup;
			children = (
				A1AA81D82F3FBDF10083171B /* PresentationView.swift */,
				A1AA81EF2F4E0C910083171B /* FavoriteRow.swift */,
				A1AA81DE2F465A670083171B /* ArtworkCardView.swift */,
				A1AA81E22F4660E30083171B /* ArtworkDetailView.swift */,
				A1AA81ED2F4E0C850083171B /* FavoriteView.swift */,
			);
			path = Views;
			sourceTree = "<group>";
		};
		A1AA81D12F3FB9F50083171B /* Services */ = {
			isa = PBXGroup;
			children = (
			);
			path = Services;
			sourceTree = "<group>";
		};
		A1AA81D22F3FB9FE0083171B /* Persistance */ = {
			isa = PBXGroup;
			children = (
			);
			path = Persistance;
			sourceTree = "<group>";
		};
		A1AA81E42F4D415F0083171B /* Buttons */ = {
			isa = PBXGroup;
			children = (
				A1AA81E52F4D41720083171B /* FavoriteButton.swift */,
			);
			path = Buttons;
			sourceTree = "<group>";
		};
		A1AA820A2F508CAA0083171B /* Widgets */ = {
			isa = PBXGroup;
			children = (
				A1AA82152F508F570083171B /* Open Gallery Widget */,
			);
			path = Widgets;
			sourceTree = "<group>";
		};
		A1AA82102F508F570083171B /* Frameworks */ = {
			isa = PBXGroup;
			children = (
				A1AA82112F508F570083171B /* WidgetKit.framework */,
				A1AA82132F508F570083171B /* SwiftUI.framework */,
			);
			name = Frameworks;
			sourceTree = "<group>";
		};
		A1AA82152F508F570083171B /* Open Gallery Widget */ = {
			isa = PBXGroup;
			children = (
				A1AA82162F508F570083171B /* Open_Gallery_WidgetBundle.swift */,
				A1AA82182F508F570083171B /* Open_Gallery_Widget.swift */,
				A1AA821A2F508F590083171B /* Assets.xcassets */,
				A1AA821C2F508F590083171B /* Info.plist */,
			);
			name = "Open Gallery Widget";
			path = "../../Open Gallery Widget";
			sourceTree = "<group>";
		};
/* End PBXGroup section */

/* Begin PBXNativeTarget section */
		A1AA81BB2F3FB4A90083171B /* OpenGallery */ = {
			isa = PBXNativeTarget;
			buildConfigurationList = A1AA81CA2F3FB4AA0083171B /* Build configuration list for PBXNativeTarget "OpenGallery" */;
			buildPhases = (
				A1AA81B82F3FB4A90083171B /* Sources */,
				A1AA81B92F3FB4A90083171B /* Frameworks */,
				A1AA81BA2F3FB4A90083171B /* Resources */,
				A1AA82062F508BA70083171B /* Embed Foundation Extensions */,
			);
			buildRules = (
			);
			dependencies = (
				A1AA821E2F508F590083171B /* PBXTargetDependency */,
			);
			name = OpenGallery;
			productName = OpenGallery;
			productReference = A1AA81BC2F3FB4A90083171B /* OpenGallery.app */;
			productType = "com.apple.product-type.application";
		};
		A1AA820E2F508F570083171B /* Open Gallery WidgetExtension */ = {
			isa = PBXNativeTarget;
			buildConfigurationList = A1AA82202F508F590083171B /* Build configuration list for PBXNativeTarget "Open Gallery WidgetExtension" */;
			buildPhases = (
				A1AA820B2F508F570083171B /* Sources */,
				A1AA820C2F508F570083171B /* Frameworks */,
				A1AA820D2F508F570083171B /* Resources */,
			);
			buildRules = (
			);
			dependencies = (
			);
			name = "Open Gallery WidgetExtension";
			productName = "Open Gallery WidgetExtension";
			productReference = A1AA820F2F508F570083171B /* Open Gallery WidgetExtension.appex */;
			productType = "com.apple.product-type.app-extension";
		};
/* End PBXNativeTarget section */

/* Begin PBXProject section */
		A1AA81B42F3FB4A90083171B /* Project object */ = {
			isa = PBXProject;
			attributes = {
				BuildIndependentTargetsInParallel = 1;
				LastSwiftUpdateCheck = 1540;
				LastUpgradeCheck = 1540;
				TargetAttributes = {
					A1AA81BB2F3FB4A90083171B = {
						CreatedOnToolsVersion = 15.4;
						LastSwiftMigration = 1540;
					};
					A1AA820E2F508F570083171B = {
						CreatedOnToolsVersion = 15.4;
					};
				};
			};
			buildConfigurationList = A1AA81B72F3FB4A90083171B /* Build configuration list for PBXProject "OpenGallery" */;
			compatibilityVersion = "Xcode 14.0";
			developmentRegion = en;
			hasScannedForEncodings = 0;
			knownRegions = (
				en,
				Base,
			);
			mainGroup = A1AA81B32F3FB4A90083171B;
			productRefGroup = A1AA81BD2F3FB4A90083171B /* Products */;
			projectDirPath = "";
			projectRoot = "";
			targets = (
				A1AA81BB2F3FB4A90083171B /* OpenGallery */,
				A1AA820E2F508F570083171B /* Open Gallery WidgetExtension */,
			);
		};
/* End PBXProject section */

/* Begin PBXResourcesBuildPhase section */
		A1AA81BA2F3FB4A90083171B /* Resources */ = {
			isa = PBXResourcesBuildPhase;
			buildActionMask = 2147483647;
			files = (
			);
			runOnlyForDeploymentPostprocessing = 0;
		};
		A1AA820D2F508F570083171B /* Resources */ = {
			isa = PBXResourcesBuildPhase;
			buildActionMask = 2147483647;
			files = (
				A1AA821B2F508F590083171B /* Assets.xcassets in Resources */,
			);
			runOnlyForDeploymentPostprocessing = 0;
		};
/* End PBXResourcesBuildPhase section */

/* Begin PBXSourcesBuildPhase section */
		A1AA81B82F3FB4A90083171B /* Sources */ = {
			isa = PBXSourcesBuildPhase;
			buildActionMask = 2147483647;
			files = (
				A1AA81EE2F4E0C850083171B /* FavoriteView.swift in Sources */,
				A1AA81D92F3FBDF10083171B /* PresentationView.swift in Sources */,
				A1AA81EA2F4D437B0083171B /* FavoriteArtwork.swift in Sources */,
				A1AA81DB2F3FBFFF0083171B /* Artwork.swift in Sources */,
				A1AA81D52F3FBB100083171B /* OpenGalleryApp.swift in Sources */,
				A1AA81E62F4D41720083171B /* FavoriteButton.swift in Sources */,
				A1AA81E32F4660E30083171B /* ArtworkDetailView.swift in Sources */,
				A1AA81DF2F465A670083171B /* ArtworkCardView.swift in Sources */,
				A1AA81F02F4E0C910083171B /* FavoriteRow.swift in Sources */,
			);
			runOnlyForDeploymentPostprocessing = 0;
		};
		A1AA820B2F508F570083171B /* Sources */ = {
			isa = PBXSourcesBuildPhase;
			buildActionMask = 2147483647;
			files = (
				A1AA82192F508F570083171B /* Open_Gallery_Widget.swift in Sources */,
				A1AA82172F508F570083171B /* Open_Gallery_WidgetBundle.swift in Sources */,
			);
			runOnlyForDeploymentPostprocessing = 0;
		};
/* End PBXSourcesBuildPhase section */

/* Begin PBXTargetDependency section */
		A1AA821E2F508F590083171B /* PBXTargetDependency */ = {
			isa = PBXTargetDependency;
			target = A1AA820E2F508F570083171B /* Open Gallery WidgetExtension */;
			targetProxy = A1AA821D2F508F590083171B /* PBXContainerItemProxy */;
		};
/* End PBXTargetDependency section */

/* Begin XCBuildConfiguration section */
		A1AA81C82F3FB4AA0083171B /* Debug */ = {
			isa = XCBuildConfiguration;
			buildSettings = {
				ALWAYS_SEARCH_USER_PATHS = NO;
				ASSETCATALOG_COMPILER_GENERATE_SWIFT_ASSET_SYMBOL_EXTENSIONS = YES;
				CLANG_ANALYZER_NONNULL = YES;
				CLANG_ANALYZER_NUMBER_OBJECT_CONVERSION = YES_AGGRESSIVE;
				CLANG_CXX_LANGUAGE_STANDARD = "gnu++20";
				CLANG_ENABLE_MODULES = YES;
				CLANG_ENABLE_OBJC_ARC = YES;
				CLANG_ENABLE_OBJC_WEAK = YES;
				CLANG_WARN_BLOCK_CAPTURE_AUTORELEASING = YES;
				CLANG_WARN_BOOL_CONVERSION = YES;
				CLANG_WARN_COMMA = YES;
				CLANG_WARN_CONSTANT_CONVERSION = YES;
				CLANG_WARN_DEPRECATED_OBJC_IMPLEMENTATIONS = YES;
				CLANG_WARN_DIRECT_OBJC_ISA_USAGE = YES_ERROR;
				CLANG_WARN_DOCUMENTATION_COMMENTS = YES;
				CLANG_WARN_EMPTY_BODY = YES;
				CLANG_WARN_ENUM_CONVERSION = YES;
				CLANG_WARN_INFINITE_RECURSION = YES;
				CLANG_WARN_INT_CONVERSION = YES;
				CLANG_WARN_NON_LITERAL_NULL_CONVERSION = YES;
				CLANG_WARN_OBJC_IMPLICIT_RETAIN_SELF = YES;
				CLANG_WARN_OBJC_LITERAL_CONVERSION = YES;
				CLANG_WARN_OBJC_ROOT_CLASS = YES_ERROR;
				CLANG_WARN_QUOTED_INCLUDE_IN_FRAMEWORK_HEADER = YES;
				CLANG_WARN_RANGE_LOOP_ANALYSIS = YES;
				CLANG_WARN_STRICT_PROTOTYPES = YES;
				CLANG_WARN_SUSPICIOUS_MOVE = YES;
				CLANG_WARN_UNGUARDED_AVAILABILITY = YES_AGGRESSIVE;
				CLANG_WARN_UNREACHABLE_CODE = YES;
				CLANG_WARN__DUPLICATE_METHOD_MATCH = YES;
				COPY_PHASE_STRIP = NO;
				DEBUG_INFORMATION_FORMAT = dwarf;
				ENABLE_STRICT_OBJC_MSGSEND = YES;
				ENABLE_TESTABILITY = YES;
				ENABLE_USER_SCRIPT_SANDBOXING = YES;
				GCC_C_LANGUAGE_STANDARD = gnu17;
				GCC_DYNAMIC_NO_PIC = NO;
				GCC_NO_COMMON_BLOCKS = YES;
				GCC_OPTIMIZATION_LEVEL = 0;
				GCC_PREPROCESSOR_DEFINITIONS = (
					"DEBUG=1",
					"$(inherited)",
				);
				GCC_WARN_64_TO_32_BIT_CONVERSION = YES;
				GCC_WARN_ABOUT_RETURN_TYPE = YES_ERROR;
				GCC_WARN_UNDECLARED_SELECTOR = YES;
				GCC_WARN_UNINITIALIZED_AUTOS = YES_AGGRESSIVE;
				GCC_WARN_UNUSED_FUNCTION = YES;
				GCC_WARN_UNUSED_VARIABLE = YES;
				IPHONEOS_DEPLOYMENT_TARGET = 17.0;
				LOCALIZATION_PREFERS_STRING_CATALOGS = YES;
				MTL_ENABLE_DEBUG_INFO = INCLUDE_SOURCE;
				MTL_FAST_MATH = YES;
				ONLY_ACTIVE_ARCH = YES;
				SDKROOT = iphoneos;
				SWIFT_ACTIVE_COMPILATION_CONDITIONS = "DEBUG $(inherited)";
				SWIFT_OPTIMIZATION_LEVEL = "-Onone";
			};
			name = Debug;
		};
		A1AA81C92F3FB4AA0083171B /* Release */ = {
			isa = XCBuildConfiguration;
			buildSettings = {
				ALWAYS_SEARCH_USER_PATHS = NO;
				ASSETCATALOG_COMPILER_GENERATE_SWIFT_ASSET_SYMBOL_EXTENSIONS = YES;
				CLANG_ANALYZER_NONNULL = YES;
				CLANG_ANALYZER_NUMBER_OBJECT_CONVERSION = YES_AGGRESSIVE;
				CLANG_CXX_LANGUAGE_STANDARD = "gnu++20";
				CLANG_ENABLE_MODULES = YES;
				CLANG_ENABLE_OBJC_ARC = YES;
				CLANG_ENABLE_OBJC_WEAK = YES;
				CLANG_WARN_BLOCK_CAPTURE_AUTORELEASING = YES;
				CLANG_WARN_BOOL_CONVERSION = YES;
				CLANG_WARN_COMMA = YES;
				CLANG_WARN_CONSTANT_CONVERSION = YES;
				CLANG_WARN_DEPRECATED_OBJC_IMPLEMENTATIONS = YES;
				CLANG_WARN_DIRECT_OBJC_ISA_USAGE = YES_ERROR;
				CLANG_WARN_DOCUMENTATION_COMMENTS = YES;
				CLANG_WARN_EMPTY_BODY = YES;
				CLANG_WARN_ENUM_CONVERSION = YES;
				CLANG_WARN_INFINITE_RECURSION = YES;
				CLANG_WARN_INT_CONVERSION = YES;
				CLANG_WARN_NON_LITERAL_NULL_CONVERSION = YES;
				CLANG_WARN_OBJC_IMPLICIT_RETAIN_SELF = YES;
				CLANG_WARN_OBJC_LITERAL_CONVERSION = YES;
				CLANG_WARN_OBJC_ROOT_CLASS = YES_ERROR;
				CLANG_WARN_QUOTED_INCLUDE_IN_FRAMEWORK_HEADER = YES;
				CLANG_WARN_RANGE_LOOP_ANALYSIS = YES;
				CLANG_WARN_STRICT_PROTOTYPES = YES;
				CLANG_WARN_SUSPICIOUS_MOVE = YES;
				CLANG_WARN_UNGUARDED_AVAILABILITY = YES_AGGRESSIVE;
				CLANG_WARN_UNREACHABLE_CODE = YES;
				CLANG_WARN__DUPLICATE_METHOD_MATCH = YES;
				COPY_PHASE_STRIP = NO;
				DEBUG_INFORMATION_FORMAT = "dwarf-with-dsym";
				ENABLE_NS_ASSERTIONS = NO;
				ENABLE_STRICT_OBJC_MSGSEND = YES;
				ENABLE_USER_SCRIPT_SANDBOXING = YES;
				GCC_C_LANGUAGE_STANDARD = gnu17;
				GCC_NO_COMMON_BLOCKS = YES;
				GCC_WARN_64_TO_32_BIT_CONVERSION = YES;
				GCC_WARN_ABOUT_RETURN_TYPE = YES_ERROR;
				GCC_WARN_UNDECLARED_SELECTOR = YES;
				GCC_WARN_UNINITIALIZED_AUTOS = YES_AGGRESSIVE;
				GCC_WARN_UNUSED_FUNCTION = YES;
				GCC_WARN_UNUSED_VARIABLE = YES;
				IPHONEOS_DEPLOYMENT_TARGET = 17.0;
				LOCALIZATION_PREFERS_STRING_CATALOGS = YES;
				MTL_ENABLE_DEBUG_INFO = NO;
				MTL_FAST_MATH = YES;
				SDKROOT = iphoneos;
				SWIFT_COMPILATION_MODE = wholemodule;
				VALIDATE_PRODUCT = YES;
			};
			name = Release;
		};
		A1AA81CB2F3FB4AA0083171B /* Debug */ = {
			isa = XCBuildConfiguration;
			buildSettings = {
				ALWAYS_EMBED_SWIFT_STANDARD_LIBRARIES = YES;
				ASSETCATALOG_COMPILER_APPICON_NAME = AppIcon;
				ASSETCATALOG_COMPILER_GLOBAL_ACCENT_COLOR_NAME = AccentColor;
				CLANG_ENABLE_MODULES = YES;
				CODE_SIGN_STYLE = Automatic;
				CURRENT_PROJECT_VERSION = 1;
				DEVELOPMENT_ASSET_PATHS = "";
				DEVELOPMENT_TEAM = UVH64BQZD2;
				ENABLE_PREVIEWS = YES;
				GENERATE_INFOPLIST_FILE = YES;
				INFOPLIST_KEY_UIApplicationSceneManifest_Generation = YES;
				INFOPLIST_KEY_UIApplicationSupportsIndirectInputEvents = YES;
				INFOPLIST_KEY_UILaunchScreen_Generation = YES;
				INFOPLIST_KEY_UISupportedInterfaceOrientations_iPad = "UIInterfaceOrientationPortrait UIInterfaceOrientationPortraitUpsideDown UIInterfaceOrientationLandscapeLeft UIInterfaceOrientationLandscapeRight";
				INFOPLIST_KEY_UISupportedInterfaceOrientations_iPhone = "UIInterfaceOrientationPortrait UIInterfaceOrientationLandscapeLeft UIInterfaceOrientationLandscapeRight";
				LD_RUNPATH_SEARCH_PATHS = (
					"$(inherited)",
					"@executable_path/Frameworks",
				);
				MARKETING_VERSION = 1.0;
				PRODUCT_BUNDLE_IDENTIFIER = com.jdlc.OpenGallery;
				PRODUCT_NAME = "$(TARGET_NAME)";
				SWIFT_EMIT_LOC_STRINGS = YES;
				SWIFT_OPTIMIZATION_LEVEL = "-Onone";
				SWIFT_VERSION = 5.0;
				TARGETED_DEVICE_FAMILY = "1,2";
			};
			name = Debug;
		};
		A1AA81CC2F3FB4AA0083171B /* Release */ = {
			isa = XCBuildConfiguration;
			buildSettings = {
				ALWAYS_EMBED_SWIFT_STANDARD_LIBRARIES = YES;
				ASSETCATALOG_COMPILER_APPICON_NAME = AppIcon;
				ASSETCATALOG_COMPILER_GLOBAL_ACCENT_COLOR_NAME = AccentColor;
				CLANG_ENABLE_MODULES = YES;
				CODE_SIGN_STYLE = Automatic;
				CURRENT_PROJECT_VERSION = 1;
				DEVELOPMENT_ASSET_PATHS = "";
				DEVELOPMENT_TEAM = UVH64BQZD2;
				ENABLE_PREVIEWS = YES;
				GENERATE_INFOPLIST_FILE = YES;
				INFOPLIST_KEY_UIApplicationSceneManifest_Generation = YES;
				INFOPLIST_KEY_UIApplicationSupportsIndirectInputEvents = YES;
				INFOPLIST_KEY_UILaunchScreen_Generation = YES;
				INFOPLIST_KEY_UISupportedInterfaceOrientations_iPad = "UIInterfaceOrientationPortrait UIInterfaceOrientationPortraitUpsideDown UIInterfaceOrientationLandscapeLeft UIInterfaceOrientationLandscapeRight";
				INFOPLIST_KEY_UISupportedInterfaceOrientations_iPhone = "UIInterfaceOrientationPortrait UIInterfaceOrientationLandscapeLeft UIInterfaceOrientationLandscapeRight";
				LD_RUNPATH_SEARCH_PATHS = (
					"$(inherited)",
					"@executable_path/Frameworks",
				);
				MARKETING_VERSION = 1.0;
				PRODUCT_BUNDLE_IDENTIFIER = com.jdlc.OpenGallery;
				PRODUCT_NAME = "$(TARGET_NAME)";
				SWIFT_EMIT_LOC_STRINGS = YES;
				SWIFT_VERSION = 5.0;
				TARGETED_DEVICE_FAMILY = "1,2";
			};
			name = Release;
		};
		A1AA82212F508F590083171B /* Debug */ = {
			isa = XCBuildConfiguration;
			buildSettings = {
				ASSETCATALOG_COMPILER_GLOBAL_ACCENT_COLOR_NAME = AccentColor;
				ASSETCATALOG_COMPILER_WIDGET_BACKGROUND_COLOR_NAME = WidgetBackground;
				CODE_SIGN_STYLE = Automatic;
				CURRENT_PROJECT_VERSION = 1;
				DEVELOPMENT_TEAM = UVH64BQZD2;
				GENERATE_INFOPLIST_FILE = YES;
				INFOPLIST_FILE = "Open Gallery Widget/Info.plist";
				INFOPLIST_KEY_CFBundleDisplayName = "Open Gallery Widget";
				INFOPLIST_KEY_NSHumanReadableCopyright = "";
				IPHONEOS_DEPLOYMENT_TARGET = 17.5;
				LD_RUNPATH_SEARCH_PATHS = (
					"$(inherited)",
					"@executable_path/Frameworks",
					"@executable_path/../../Frameworks",
				);
				MARKETING_VERSION = 1.0;
				PRODUCT_BUNDLE_IDENTIFIER = "com.jdlc.OpenGallery.Open-Gallery-Widget";
				PRODUCT_NAME = "$(TARGET_NAME)";
				SKIP_INSTALL = YES;
				SWIFT_EMIT_LOC_STRINGS = YES;
				SWIFT_VERSION = 5.0;
				TARGETED_DEVICE_FAMILY = "1,2";
			};
			name = Debug;
		};
		A1AA82222F508F590083171B /* Release */ = {
			isa = XCBuildConfiguration;
			buildSettings = {
				ASSETCATALOG_COMPILER_GLOBAL_ACCENT_COLOR_NAME = AccentColor;
				ASSETCATALOG_COMPILER_WIDGET_BACKGROUND_COLOR_NAME = WidgetBackground;
				CODE_SIGN_STYLE = Automatic;
				CURRENT_PROJECT_VERSION = 1;
				DEVELOPMENT_TEAM = UVH64BQZD2;
				GENERATE_INFOPLIST_FILE = YES;
				INFOPLIST_FILE = "Open Gallery Widget/Info.plist";
				INFOPLIST_KEY_CFBundleDisplayName = "Open Gallery Widget";
				INFOPLIST_KEY_NSHumanReadableCopyright = "";
				IPHONEOS_DEPLOYMENT_TARGET = 17.5;
				LD_RUNPATH_SEARCH_PATHS = (
					"$(inherited)",
					"@executable_path/Frameworks",
					"@executable_path/../../Frameworks",
				);
				MARKETING_VERSION = 1.0;
				PRODUCT_BUNDLE_IDENTIFIER = "com.jdlc.OpenGallery.Open-Gallery-Widget";
				PRODUCT_NAME = "$(TARGET_NAME)";
				SKIP_INSTALL = YES;
				SWIFT_EMIT_LOC_STRINGS = YES;
				SWIFT_VERSION = 5.0;
				TARGETED_DEVICE_FAMILY = "1,2";
			};
			name = Release;
		};
/* End XCBuildConfiguration section */

/* Begin XCConfigurationList section */
		A1AA81B72F3FB4A90083171B /* Build configuration list for PBXProject "OpenGallery" */ = {
			isa = XCConfigurationList;
			buildConfigurations = (
				A1AA81C82F3FB4AA0083171B /* Debug */,
				A1AA81C92F3FB4AA0083171B /* Release */,
			);
			defaultConfigurationIsVisible = 0;
			defaultConfigurationName = Release;
		};
		A1AA81CA2F3FB4AA0083171B /* Build configuration list for PBXNativeTarget "OpenGallery" */ = {
			isa = XCConfigurationList;
			buildConfigurations = (
				A1AA81CB2F3FB4AA0083171B /* Debug */,
				A1AA81CC2F3FB4AA0083171B /* Release */,
			);
			defaultConfigurationIsVisible = 0;
			defaultConfigurationName = Release;
		};
		A1AA82202F508F590083171B /* Build configuration list for PBXNativeTarget "Open Gallery WidgetExtension" */ = {
			isa = XCConfigurationList;
			buildConfigurations = (
				A1AA82212F508F590083171B /* Debug */,
				A1AA82222F508F590083171B /* Release */,
			);
			defaultConfigurationIsVisible = 0;
			defaultConfigurationName = Release;
		};
/* End XCConfigurationList section */
	};
	rootObject = A1AA81B42F3FB4A90083171B /* Project object */;
}
